
Microsoft Visual Studio Solution File, Format Version 12.00
# Visual Studio Version 17
VisualStudioVersion = 17.0.32014.148
MinimumVisualStudioVersion = 10.0.40219.1
Project("{FAE04EC0-301F-11D3-BF4B-00C04F79EFBC}") = "WebLogReporter", "WebLogReporter\WebLogReporter.csproj", "{504350CD-3368-44BA-BB3D-E755432F20B5}"
EndProject
Project("{FAE04EC0-301F-11D3-BF4B-00C04F79EFBC}") = "WebLogReporterTests", "WebLogReporterTests\WebLogReporterTests.csproj", "{7FC1AEEF-8B11-4FF1-B590-8D14CDFCF799}"
EndProject
Global
	GlobalSection(SolutionConfigurationPlatforms) = preSolution
		Debug|Any CPU = Debug|Any CPU
		Release|Any CPU = Release|Any CPU
	EndGlobalSection
	GlobalSection(ProjectConfigurationPlatforms) = postSolution
		{504350CD-3368-44BA-BB3D-E755432F20B5}.Debug|Any CPU.ActiveCfg = Debug|Any CPU
		{504350CD-3368-44BA-BB3D-E755432F20B5}.Debug|Any CPU.Build.0 = Debug|Any CPU
		{504350CD-3368-44BA-BB3D-E755432F20B5}.Release|Any CPU.ActiveCfg = Release|Any CPU
		{504350CD-3368-44BA-BB3D-E755432F20B5}.Release|Any CPU.Build.0 = Release|Any CPU
		{7FC1AEEF-8B11-4FF1-B590-8D14CDFCF799}.Debug|Any CPU.ActiveCfg = Debug|Any CPU
		{7FC1AEEF-8B11-4FF1-B590-8D14CDFCF799}.Debug|Any CPU.Build.0 = Debug|Any CPU
		{7FC1AEEF-8B11-4FF1-B590-8D14CDFCF799}.Release|Any CPU.ActiveCfg = Release|Any CPU
		{7FC1AEEF-8B11-4FF1-B590-8D14CDFCF799}.Release|Any CPU.Build.0 = Release|Any CPU
	EndGlobalSection
	GlobalSection(SolutionProperties) = preSolution
		HideSolutionNode = FALSE
	EndGlobalSection
	GlobalSection(ExtensibilityGlobals) = postSolution
		SolutionGuid = {D457640A-5E95-4A6B-9CCB-7E89A9D97CD7}
	EndGlobalSection
EndGlobal
