
Microsoft Visual Studio Solution File, Format Version 12.00
Project("{2150E333-8FDC-42A3-9474-1A3956D46DE8}") = "chapter-1", "chapter-1", "{7B1664DF-1E2D-4131-BD4E-B3FE5C909BAE}"
EndProject
Project("{FAE04EC0-301F-11D3-BF4B-00C04F79EFBC}") = "WebLogReporter", "chapter-1\WebLogReporter\WebLogReporter.csproj", "{5D15456F-D9CB-4EA8-8812-7855588FDF6B}"
EndProject
Project("{2150E333-8FDC-42A3-9474-1A3956D46DE8}") = "chapter-2", "chapter-2", "{EBCB5BD0-1F85-4372-9E67-F64237BDA44F}"
EndProject
Project("{2150E333-8FDC-42A3-9474-1A3956D46DE8}") = "chapter-3", "chapter-3", "{19484763-2950-47AE-BAFC-4FF23B249795}"
EndProject
Project("{FAE04EC0-301F-11D3-BF4B-00C04F79EFBC}") = "BumblesBikesLibrary", "chapter-3\BumblesBikesLibrary\BumblesBikesLibrary.csproj", "{4BCD48F1-6702-48FC-81C8-1F901BE3806B}"
EndProject
Project("{FAE04EC0-301F-11D3-BF4B-00C04F79EFBC}") = "BicycleAbstractFactoryExample", "chapter-3\BicycleAbstractFactoryExample\BicycleAbstractFactoryExample.csproj", "{4C82C585-2F6A-4110-BE4C-F94E21E05E82}"
EndProject
Project("{FAE04EC0-301F-11D3-BF4B-00C04F79EFBC}") = "BicycleBuilderExample", "chapter-3\BicycleBuilderExample\BicycleBuilderExample.csproj", "{D993D56C-1931-4DEC-B01F-36CB40C3904E}"
EndProject
Project("{FAE04EC0-301F-11D3-BF4B-00C04F79EFBC}") = "FactoryMethodExample", "chapter-3\FactoryMethodExample\FactoryMethodExample.csproj", "{05F208CC-A743-4A14-ABF7-AEB34F2F397F}"
EndProject
Project("{FAE04EC0-301F-11D3-BF4B-00C04F79EFBC}") = "HelloWorld", "chapter-3\HelloWorld\HelloWorld.csproj", "{47571255-FEA0-41C0-B83E-04D9D02F4EB5}"
EndProject
Project("{2150E333-8FDC-42A3-9474-1A3956D46DE8}") = "chapter-4", "chapter-4", "{95BBEF11-00B2-494C-BD8D-8CC10FA11605}"
EndProject
Project("{2150E333-8FDC-42A3-9474-1A3956D46DE8}") = "chapter-5", "chapter-5", "{0B335B18-49F7-4C95-90A0-A1E7CED8A474}"
EndProject
Project("{2150E333-8FDC-42A3-9474-1A3956D46DE8}") = "chapter-6", "chapter-6", "{DB73766D-CAC6-47B2-AC2A-D6A58C6D7D44}"
EndProject
Project("{2150E333-8FDC-42A3-9474-1A3956D46DE8}") = "chapter-7", "chapter-7", "{95CA3681-2685-408A-94C6-3D2BD0061EE8}"
EndProject
Project("{2150E333-8FDC-42A3-9474-1A3956D46DE8}") = "chapter-8", "chapter-8", "{9BB7CF5A-F3EC-41EA-9A3F-352D5E701EFC}"
EndProject
Project("{FAE04EC0-301F-11D3-BF4B-00C04F79EFBC}") = "chapter-3\NoPattern", "chapter-3\NoPattern\NoPattern.csproj", "{343293AE-9A48-4DEA-9BEA-13087E465F3A}"
EndProject
Project("{FAE04EC0-301F-11D3-BF4B-00C04F79EFBC}") = "chapter-3\SimpleFactoryExample", "chapter-3\SimpleFactoryExample\SimpleFactoryExample.csproj", "{2CB09787-B4E9-49BE-9FA7-98310681A69C}"
EndProject
Project("{FAE04EC0-301F-11D3-BF4B-00C04F79EFBC}") = "chapter-3\ObjectPoolExample", "chapter-3\ObjectPoolExample\ObjectPoolExample.csproj", "{38E151EA-63BF-4E24-AFA3-149D032706A9}"
EndProject
Project("{FAE04EC0-301F-11D3-BF4B-00C04F79EFBC}") = "chapter-3\SingletonExample", "chapter-3\SingletonExample\SingletonExample.csproj", "{033D42F0-44A9-4D82-BD60-F4A53E636650}"
EndProject
Project("{FAE04EC0-301F-11D3-BF4B-00C04F79EFBC}") = "DecoratorExample", "chapter-4\DecoratorExample\DecoratorExample.csproj", "{B1023EEB-2BCD-4B75-B69E-4B489C560B9E}"
EndProject
Project("{FAE04EC0-301F-11D3-BF4B-00C04F79EFBC}") = "CompositeExample", "chapter-4\CompositeExample\CompositeExample.csproj", "{FD001D9A-266C-4283-A783-03F51FD5EA6A}"
EndProject
Project("{FAE04EC0-301F-11D3-BF4B-00C04F79EFBC}") = "BridgeExample", "chapter-4\BridgeExample\BridgeExample.csproj", "{CA0D99D4-E319-4DFC-AAEF-18826589132A}"
EndProject
Project("{FAE04EC0-301F-11D3-BF4B-00C04F79EFBC}") = "CommandExample", "chapter-5\CommandExample\CommandExample.csproj", "{5A29EB4A-A3B0-4D89-AE2D-95E55B1982BE}"
EndProject
Project("{FAE04EC0-301F-11D3-BF4B-00C04F79EFBC}") = "IteratorExample", "chapter-5\IteratorExample\IteratorExample.csproj", "{A2C37514-3B85-4BD1-9C36-55BDE1978D70}"
EndProject
Project("{FAE04EC0-301F-11D3-BF4B-00C04F79EFBC}") = "MementoExample", "chapter-5\MementoExample\MementoExample.csproj", "{DD5BD8F5-E2BD-4DAD-93D6-F9EE0DB66DB6}"
EndProject
Project("{FAE04EC0-301F-11D3-BF4B-00C04F79EFBC}") = "ObserverExample", "chapter-5\ObserverExample\ObserverExample.csproj", "{FB36E75B-B843-442B-87C3-4A9910CFE15A}"
EndProject
Project("{FAE04EC0-301F-11D3-BF4B-00C04F79EFBC}") = "StateExample", "chapter-5\StateExample\StateExample.csproj", "{0704F2BD-D99F-49DC-89B7-5BB2A7C798A3}"
EndProject
Project("{FAE04EC0-301F-11D3-BF4B-00C04F79EFBC}") = "StrategyExample", "chapter-5\StrategyExample\StrategyExample.csproj", "{0D39BF70-CDF7-43A3-AC12-3A6F975EA4E3}"
EndProject
Project("{FAE04EC0-301F-11D3-BF4B-00C04F79EFBC}") = "WheelchairLibrary", "chapter-7\WheelchairLibrary\WheelchairLibrary.csproj", "{8413E945-E0EC-4532-B093-D97E651437C9}"
EndProject
Global
	GlobalSection(SolutionConfigurationPlatforms) = preSolution
		Debug|Any CPU = Debug|Any CPU
		Release|Any CPU = Release|Any CPU
	EndGlobalSection
	GlobalSection(NestedProjects) = preSolution
		{5D15456F-D9CB-4EA8-8812-7855588FDF6B} = {7B1664DF-1E2D-4131-BD4E-B3FE5C909BAE}
		{4BCD48F1-6702-48FC-81C8-1F901BE3806B} = {19484763-2950-47AE-BAFC-4FF23B249795}
		{4C82C585-2F6A-4110-BE4C-F94E21E05E82} = {19484763-2950-47AE-BAFC-4FF23B249795}
		{D993D56C-1931-4DEC-B01F-36CB40C3904E} = {19484763-2950-47AE-BAFC-4FF23B249795}
		{05F208CC-A743-4A14-ABF7-AEB34F2F397F} = {19484763-2950-47AE-BAFC-4FF23B249795}
		{47571255-FEA0-41C0-B83E-04D9D02F4EB5} = {19484763-2950-47AE-BAFC-4FF23B249795}
		{343293AE-9A48-4DEA-9BEA-13087E465F3A} = {19484763-2950-47AE-BAFC-4FF23B249795}
		{2CB09787-B4E9-49BE-9FA7-98310681A69C} = {19484763-2950-47AE-BAFC-4FF23B249795}
		{38E151EA-63BF-4E24-AFA3-149D032706A9} = {19484763-2950-47AE-BAFC-4FF23B249795}
		{033D42F0-44A9-4D82-BD60-F4A53E636650} = {19484763-2950-47AE-BAFC-4FF23B249795}
		{B1023EEB-2BCD-4B75-B69E-4B489C560B9E} = {95BBEF11-00B2-494C-BD8D-8CC10FA11605}
		{FD001D9A-266C-4283-A783-03F51FD5EA6A} = {95BBEF11-00B2-494C-BD8D-8CC10FA11605}
		{CA0D99D4-E319-4DFC-AAEF-18826589132A} = {95BBEF11-00B2-494C-BD8D-8CC10FA11605}
		{5A29EB4A-A3B0-4D89-AE2D-95E55B1982BE} = {0B335B18-49F7-4C95-90A0-A1E7CED8A474}
		{A2C37514-3B85-4BD1-9C36-55BDE1978D70} = {0B335B18-49F7-4C95-90A0-A1E7CED8A474}
		{DD5BD8F5-E2BD-4DAD-93D6-F9EE0DB66DB6} = {0B335B18-49F7-4C95-90A0-A1E7CED8A474}
		{FB36E75B-B843-442B-87C3-4A9910CFE15A} = {0B335B18-49F7-4C95-90A0-A1E7CED8A474}
		{0704F2BD-D99F-49DC-89B7-5BB2A7C798A3} = {0B335B18-49F7-4C95-90A0-A1E7CED8A474}
		{0D39BF70-CDF7-43A3-AC12-3A6F975EA4E3} = {0B335B18-49F7-4C95-90A0-A1E7CED8A474}
		{8413E945-E0EC-4532-B093-D97E651437C9} = {95CA3681-2685-408A-94C6-3D2BD0061EE8}
	EndGlobalSection
	GlobalSection(ProjectConfigurationPlatforms) = postSolution
		{5D15456F-D9CB-4EA8-8812-7855588FDF6B}.Debug|Any CPU.ActiveCfg = Debug|Any CPU
		{5D15456F-D9CB-4EA8-8812-7855588FDF6B}.Debug|Any CPU.Build.0 = Debug|Any CPU
		{5D15456F-D9CB-4EA8-8812-7855588FDF6B}.Release|Any CPU.ActiveCfg = Release|Any CPU
		{5D15456F-D9CB-4EA8-8812-7855588FDF6B}.Release|Any CPU.Build.0 = Release|Any CPU
		{4BCD48F1-6702-48FC-81C8-1F901BE3806B}.Debug|Any CPU.ActiveCfg = Debug|Any CPU
		{4BCD48F1-6702-48FC-81C8-1F901BE3806B}.Debug|Any CPU.Build.0 = Debug|Any CPU
		{4BCD48F1-6702-48FC-81C8-1F901BE3806B}.Release|Any CPU.ActiveCfg = Release|Any CPU
		{4BCD48F1-6702-48FC-81C8-1F901BE3806B}.Release|Any CPU.Build.0 = Release|Any CPU
		{4C82C585-2F6A-4110-BE4C-F94E21E05E82}.Debug|Any CPU.ActiveCfg = Debug|Any CPU
		{4C82C585-2F6A-4110-BE4C-F94E21E05E82}.Debug|Any CPU.Build.0 = Debug|Any CPU
		{4C82C585-2F6A-4110-BE4C-F94E21E05E82}.Release|Any CPU.ActiveCfg = Release|Any CPU
		{4C82C585-2F6A-4110-BE4C-F94E21E05E82}.Release|Any CPU.Build.0 = Release|Any CPU
		{D993D56C-1931-4DEC-B01F-36CB40C3904E}.Debug|Any CPU.ActiveCfg = Debug|Any CPU
		{D993D56C-1931-4DEC-B01F-36CB40C3904E}.Debug|Any CPU.Build.0 = Debug|Any CPU
		{D993D56C-1931-4DEC-B01F-36CB40C3904E}.Release|Any CPU.ActiveCfg = Release|Any CPU
		{D993D56C-1931-4DEC-B01F-36CB40C3904E}.Release|Any CPU.Build.0 = Release|Any CPU
		{05F208CC-A743-4A14-ABF7-AEB34F2F397F}.Debug|Any CPU.ActiveCfg = Debug|Any CPU
		{05F208CC-A743-4A14-ABF7-AEB34F2F397F}.Debug|Any CPU.Build.0 = Debug|Any CPU
		{05F208CC-A743-4A14-ABF7-AEB34F2F397F}.Release|Any CPU.ActiveCfg = Release|Any CPU
		{05F208CC-A743-4A14-ABF7-AEB34F2F397F}.Release|Any CPU.Build.0 = Release|Any CPU
		{47571255-FEA0-41C0-B83E-04D9D02F4EB5}.Debug|Any CPU.ActiveCfg = Debug|Any CPU
		{47571255-FEA0-41C0-B83E-04D9D02F4EB5}.Debug|Any CPU.Build.0 = Debug|Any CPU
		{47571255-FEA0-41C0-B83E-04D9D02F4EB5}.Release|Any CPU.ActiveCfg = Release|Any CPU
		{47571255-FEA0-41C0-B83E-04D9D02F4EB5}.Release|Any CPU.Build.0 = Release|Any CPU
		{343293AE-9A48-4DEA-9BEA-13087E465F3A}.Debug|Any CPU.ActiveCfg = Debug|Any CPU
		{343293AE-9A48-4DEA-9BEA-13087E465F3A}.Debug|Any CPU.Build.0 = Debug|Any CPU
		{343293AE-9A48-4DEA-9BEA-13087E465F3A}.Release|Any CPU.ActiveCfg = Release|Any CPU
		{343293AE-9A48-4DEA-9BEA-13087E465F3A}.Release|Any CPU.Build.0 = Release|Any CPU
		{2CB09787-B4E9-49BE-9FA7-98310681A69C}.Debug|Any CPU.ActiveCfg = Debug|Any CPU
		{2CB09787-B4E9-49BE-9FA7-98310681A69C}.Debug|Any CPU.Build.0 = Debug|Any CPU
		{2CB09787-B4E9-49BE-9FA7-98310681A69C}.Release|Any CPU.ActiveCfg = Release|Any CPU
		{2CB09787-B4E9-49BE-9FA7-98310681A69C}.Release|Any CPU.Build.0 = Release|Any CPU
		{38E151EA-63BF-4E24-AFA3-149D032706A9}.Debug|Any CPU.ActiveCfg = Debug|Any CPU
		{38E151EA-63BF-4E24-AFA3-149D032706A9}.Debug|Any CPU.Build.0 = Debug|Any CPU
		{38E151EA-63BF-4E24-AFA3-149D032706A9}.Release|Any CPU.ActiveCfg = Release|Any CPU
		{38E151EA-63BF-4E24-AFA3-149D032706A9}.Release|Any CPU.Build.0 = Release|Any CPU
		{033D42F0-44A9-4D82-BD60-F4A53E636650}.Debug|Any CPU.ActiveCfg = Debug|Any CPU
		{033D42F0-44A9-4D82-BD60-F4A53E636650}.Debug|Any CPU.Build.0 = Debug|Any CPU
		{033D42F0-44A9-4D82-BD60-F4A53E636650}.Release|Any CPU.ActiveCfg = Release|Any CPU
		{033D42F0-44A9-4D82-BD60-F4A53E636650}.Release|Any CPU.Build.0 = Release|Any CPU
		{B1023EEB-2BCD-4B75-B69E-4B489C560B9E}.Debug|Any CPU.ActiveCfg = Debug|Any CPU
		{B1023EEB-2BCD-4B75-B69E-4B489C560B9E}.Debug|Any CPU.Build.0 = Debug|Any CPU
		{B1023EEB-2BCD-4B75-B69E-4B489C560B9E}.Release|Any CPU.ActiveCfg = Release|Any CPU
		{B1023EEB-2BCD-4B75-B69E-4B489C560B9E}.Release|Any CPU.Build.0 = Release|Any CPU
		{FD001D9A-266C-4283-A783-03F51FD5EA6A}.Debug|Any CPU.ActiveCfg = Debug|Any CPU
		{FD001D9A-266C-4283-A783-03F51FD5EA6A}.Debug|Any CPU.Build.0 = Debug|Any CPU
		{FD001D9A-266C-4283-A783-03F51FD5EA6A}.Release|Any CPU.ActiveCfg = Release|Any CPU
		{FD001D9A-266C-4283-A783-03F51FD5EA6A}.Release|Any CPU.Build.0 = Release|Any CPU
		{CA0D99D4-E319-4DFC-AAEF-18826589132A}.Debug|Any CPU.ActiveCfg = Debug|Any CPU
		{CA0D99D4-E319-4DFC-AAEF-18826589132A}.Debug|Any CPU.Build.0 = Debug|Any CPU
		{CA0D99D4-E319-4DFC-AAEF-18826589132A}.Release|Any CPU.ActiveCfg = Release|Any CPU
		{CA0D99D4-E319-4DFC-AAEF-18826589132A}.Release|Any CPU.Build.0 = Release|Any CPU
		{5A29EB4A-A3B0-4D89-AE2D-95E55B1982BE}.Debug|Any CPU.ActiveCfg = Debug|Any CPU
		{5A29EB4A-A3B0-4D89-AE2D-95E55B1982BE}.Debug|Any CPU.Build.0 = Debug|Any CPU
		{5A29EB4A-A3B0-4D89-AE2D-95E55B1982BE}.Release|Any CPU.ActiveCfg = Release|Any CPU
		{5A29EB4A-A3B0-4D89-AE2D-95E55B1982BE}.Release|Any CPU.Build.0 = Release|Any CPU
		{A2C37514-3B85-4BD1-9C36-55BDE1978D70}.Debug|Any CPU.ActiveCfg = Debug|Any CPU
		{A2C37514-3B85-4BD1-9C36-55BDE1978D70}.Debug|Any CPU.Build.0 = Debug|Any CPU
		{A2C37514-3B85-4BD1-9C36-55BDE1978D70}.Release|Any CPU.ActiveCfg = Release|Any CPU
		{A2C37514-3B85-4BD1-9C36-55BDE1978D70}.Release|Any CPU.Build.0 = Release|Any CPU
		{DD5BD8F5-E2BD-4DAD-93D6-F9EE0DB66DB6}.Debug|Any CPU.ActiveCfg = Debug|Any CPU
		{DD5BD8F5-E2BD-4DAD-93D6-F9EE0DB66DB6}.Debug|Any CPU.Build.0 = Debug|Any CPU
		{DD5BD8F5-E2BD-4DAD-93D6-F9EE0DB66DB6}.Release|Any CPU.ActiveCfg = Release|Any CPU
		{DD5BD8F5-E2BD-4DAD-93D6-F9EE0DB66DB6}.Release|Any CPU.Build.0 = Release|Any CPU
		{FB36E75B-B843-442B-87C3-4A9910CFE15A}.Debug|Any CPU.ActiveCfg = Debug|Any CPU
		{FB36E75B-B843-442B-87C3-4A9910CFE15A}.Debug|Any CPU.Build.0 = Debug|Any CPU
		{FB36E75B-B843-442B-87C3-4A9910CFE15A}.Release|Any CPU.ActiveCfg = Release|Any CPU
		{FB36E75B-B843-442B-87C3-4A9910CFE15A}.Release|Any CPU.Build.0 = Release|Any CPU
		{0704F2BD-D99F-49DC-89B7-5BB2A7C798A3}.Debug|Any CPU.ActiveCfg = Debug|Any CPU
		{0704F2BD-D99F-49DC-89B7-5BB2A7C798A3}.Debug|Any CPU.Build.0 = Debug|Any CPU
		{0704F2BD-D99F-49DC-89B7-5BB2A7C798A3}.Release|Any CPU.ActiveCfg = Release|Any CPU
		{0704F2BD-D99F-49DC-89B7-5BB2A7C798A3}.Release|Any CPU.Build.0 = Release|Any CPU
		{0D39BF70-CDF7-43A3-AC12-3A6F975EA4E3}.Debug|Any CPU.ActiveCfg = Debug|Any CPU
		{0D39BF70-CDF7-43A3-AC12-3A6F975EA4E3}.Debug|Any CPU.Build.0 = Debug|Any CPU
		{0D39BF70-CDF7-43A3-AC12-3A6F975EA4E3}.Release|Any CPU.ActiveCfg = Release|Any CPU
		{0D39BF70-CDF7-43A3-AC12-3A6F975EA4E3}.Release|Any CPU.Build.0 = Release|Any CPU
		{8413E945-E0EC-4532-B093-D97E651437C9}.Debug|Any CPU.ActiveCfg = Debug|Any CPU
		{8413E945-E0EC-4532-B093-D97E651437C9}.Debug|Any CPU.Build.0 = Debug|Any CPU
		{8413E945-E0EC-4532-B093-D97E651437C9}.Release|Any CPU.ActiveCfg = Release|Any CPU
		{8413E945-E0EC-4532-B093-D97E651437C9}.Release|Any CPU.Build.0 = Release|Any CPU
	EndGlobalSection
EndGlobal
