
Microsoft Visual Studio Solution File, Format Version 12.00
# Visual Studio Version 16
VisualStudioVersion = 16.0.30114.105
MinimumVisualStudioVersion = 10.0.40219.1
Project("{FAE04EC0-301F-11D3-BF4B-00C04F79EFBC}") = "BicycleConsoleApp", "BicycleConsoleApp\BicycleConsoleApp.csproj", "{181B8355-04FE-47E5-AAB2-8C248E5C3FFB}"
EndProject
Project("{FAE04EC0-301F-11D3-BF4B-00C04F79EFBC}") = "BicycleLibrary", "BicycleLibrary\BicycleLibrary.csproj", "{602AF53F-5E5C-4A42-941C-9F6598734F2E}"
EndProject
Global
	GlobalSection(SolutionConfigurationPlatforms) = preSolution
		Debug|Any CPU = Debug|Any CPU
		Release|Any CPU = Release|Any CPU
	EndGlobalSection
	GlobalSection(SolutionProperties) = preSolution
		HideSolutionNode = FALSE
	EndGlobalSection
	GlobalSection(ProjectConfigurationPlatforms) = postSolution
		{181B8355-04FE-47E5-AAB2-8C248E5C3FFB}.Debug|Any CPU.ActiveCfg = Debug|Any CPU
		{181B8355-04FE-47E5-AAB2-8C248E5C3FFB}.Debug|Any CPU.Build.0 = Debug|Any CPU
		{181B8355-04FE-47E5-AAB2-8C248E5C3FFB}.Release|Any CPU.ActiveCfg = Release|Any CPU
		{181B8355-04FE-47E5-AAB2-8C248E5C3FFB}.Release|Any CPU.Build.0 = Release|Any CPU
		{602AF53F-5E5C-4A42-941C-9F6598734F2E}.Debug|Any CPU.ActiveCfg = Debug|Any CPU
		{602AF53F-5E5C-4A42-941C-9F6598734F2E}.Debug|Any CPU.Build.0 = Debug|Any CPU
		{602AF53F-5E5C-4A42-941C-9F6598734F2E}.Release|Any CPU.ActiveCfg = Release|Any CPU
		{602AF53F-5E5C-4A42-941C-9F6598734F2E}.Release|Any CPU.Build.0 = Release|Any CPU
	EndGlobalSection
EndGlobal
