
Microsoft Visual Studio Solution File, Format Version 12.00
Project("{FAE04EC0-301F-11D3-BF4B-00C04F79EFBC}") = "DecoratorExample", "DecoratorExample\DecoratorExample.csproj", "{656B923C-FC10-4AA3-9D6C-7EAFE6AB6346}"
EndProject
Project("{FAE04EC0-301F-11D3-BF4B-00C04F79EFBC}") = "FacadeExample", "FacadeExample\FacadeExample.csproj", "{62200676-064E-4197-A0C4-67E67ED9DD3C}"
EndProject
Project("{FAE04EC0-301F-11D3-BF4B-00C04F79EFBC}") = "CompositeExample", "CompositeExample\CompositeExample.csproj", "{E0D08A47-B99E-4540-A203-61CDC0A9EEF5}"
EndProject
Project("{FAE04EC0-301F-11D3-BF4B-00C04F79EFBC}") = "BridgeExample", "BridgeExample\BridgeExample.csproj", "{49B55BF4-4A38-4591-8A89-6F6DB81F3831}"
EndProject
Global
	GlobalSection(SolutionConfigurationPlatforms) = preSolution
		Debug|Any CPU = Debug|Any CPU
		Release|Any CPU = Release|Any CPU
	EndGlobalSection
	GlobalSection(ProjectConfigurationPlatforms) = postSolution
		{656B923C-FC10-4AA3-9D6C-7EAFE6AB6346}.Debug|Any CPU.ActiveCfg = Debug|Any CPU
		{656B923C-FC10-4AA3-9D6C-7EAFE6AB6346}.Debug|Any CPU.Build.0 = Debug|Any CPU
		{656B923C-FC10-4AA3-9D6C-7EAFE6AB6346}.Release|Any CPU.ActiveCfg = Release|Any CPU
		{656B923C-FC10-4AA3-9D6C-7EAFE6AB6346}.Release|Any CPU.Build.0 = Release|Any CPU
		{62200676-064E-4197-A0C4-67E67ED9DD3C}.Debug|Any CPU.ActiveCfg = Debug|Any CPU
		{62200676-064E-4197-A0C4-67E67ED9DD3C}.Debug|Any CPU.Build.0 = Debug|Any CPU
		{62200676-064E-4197-A0C4-67E67ED9DD3C}.Release|Any CPU.ActiveCfg = Release|Any CPU
		{62200676-064E-4197-A0C4-67E67ED9DD3C}.Release|Any CPU.Build.0 = Release|Any CPU
		{E0D08A47-B99E-4540-A203-61CDC0A9EEF5}.Debug|Any CPU.ActiveCfg = Debug|Any CPU
		{E0D08A47-B99E-4540-A203-61CDC0A9EEF5}.Debug|Any CPU.Build.0 = Debug|Any CPU
		{E0D08A47-B99E-4540-A203-61CDC0A9EEF5}.Release|Any CPU.ActiveCfg = Release|Any CPU
		{E0D08A47-B99E-4540-A203-61CDC0A9EEF5}.Release|Any CPU.Build.0 = Release|Any CPU
		{49B55BF4-4A38-4591-8A89-6F6DB81F3831}.Debug|Any CPU.ActiveCfg = Debug|Any CPU
		{49B55BF4-4A38-4591-8A89-6F6DB81F3831}.Debug|Any CPU.Build.0 = Debug|Any CPU
		{49B55BF4-4A38-4591-8A89-6F6DB81F3831}.Release|Any CPU.ActiveCfg = Release|Any CPU
		{49B55BF4-4A38-4591-8A89-6F6DB81F3831}.Release|Any CPU.Build.0 = Release|Any CPU
	EndGlobalSection
EndGlobal
